// !$*UTF8*$!
{
	archiveVersion = 1;
	classes = {
	};
	objectVersion = 56;
	objects = {

/* Begin PBXBuildFile section */
		C96BAF512B9F8EA900EFB887 /* CurrentUserProfileView.swift in Sources */ = {isa = PBXBuildFile; fileRef = C96BAF502B9F8EA900EFB887 /* CurrentUserProfileView.swift */; };
		C96BAF542B9F94D500EFB887 /* ProfileHeaderView.swift in Sources */ = {isa = PBXBuildFile; fileRef = C96BAF532B9F94D400EFB887 /* ProfileHeaderView.swift */; };
		C96BAF812BA2DD4900EFB887 /* EditProfileViewModel.swift in Sources */ = {isa = PBXBuildFile; fileRef = C96BAF802BA2DD4900EFB887 /* EditProfileViewModel.swift */; };
		C96BAF832BA2E09C00EFB887 /* ImageUploader.swift in Sources */ = {isa = PBXBuildFile; fileRef = C96BAF822BA2E09C00EFB887 /* ImageUploader.swift */; };
		C96BAF852BA2E35700EFB887 /* FirebaseStorage in Frameworks */ = {isa = PBXBuildFile; productRef = C96BAF842BA2E35700EFB887 /* FirebaseStorage */; };
		C970ED6F2B8F74020081968C /* TwitterCloneApp.swift in Sources */ = {isa = PBXBuildFile; fileRef = C970ED6E2B8F74020081968C /* TwitterCloneApp.swift */; };
		C970ED712B8F74020081968C /* ContentView.swift in Sources */ = {isa = PBXBuildFile; fileRef = C970ED702B8F74020081968C /* ContentView.swift */; };
		C970ED732B8F74060081968C /* Assets.xcassets in Resources */ = {isa = PBXBuildFile; fileRef = C970ED722B8F74060081968C /* Assets.xcassets */; };
		C970ED762B8F74060081968C /* Preview Assets.xcassets in Resources */ = {isa = PBXBuildFile; fileRef = C970ED752B8F74060081968C /* Preview Assets.xcassets */; };
		C970ED852B8F74C10081968C /* LoginView.swift in Sources */ = {isa = PBXBuildFile; fileRef = C970ED842B8F74C10081968C /* LoginView.swift */; };
		C970EDA92B906EFB0081968C /* RegistartionView.swift in Sources */ = {isa = PBXBuildFile; fileRef = C970EDA82B906EFB0081968C /* RegistartionView.swift */; };
		C970EDAB2B9070760081968C /* TextFieldModifedFile.swift in Sources */ = {isa = PBXBuildFile; fileRef = C970EDAA2B9070760081968C /* TextFieldModifedFile.swift */; };
		C970EDAD2B9071270081968C /* ButtonModifedFile.swift in Sources */ = {isa = PBXBuildFile; fileRef = C970EDAC2B9071270081968C /* ButtonModifedFile.swift */; };
		C970EDBD2B909B490081968C /* TwitterTabView.swift in Sources */ = {isa = PBXBuildFile; fileRef = C970EDBC2B909B490081968C /* TwitterTabView.swift */; };
		C970EDC02B909ECE0081968C /* FeedView.swift in Sources */ = {isa = PBXBuildFile; fileRef = C970EDBF2B909ECE0081968C /* FeedView.swift */; };
		C970EDC42B909F330081968C /* ExploreView.swift in Sources */ = {isa = PBXBuildFile; fileRef = C970EDC32B909F330081968C /* ExploreView.swift */; };
		C970EDC82B909F840081968C /* UploadTwitteView.swift in Sources */ = {isa = PBXBuildFile; fileRef = C970EDC72B909F840081968C /* UploadTwitteView.swift */; };
		C970EDCC2B909FC70081968C /* ActivityView.swift in Sources */ = {isa = PBXBuildFile; fileRef = C970EDCB2B909FC70081968C /* ActivityView.swift */; };
		C970EDD02B909FF80081968C /* ProfileView.swift in Sources */ = {isa = PBXBuildFile; fileRef = C970EDCF2B909FF80081968C /* ProfileView.swift */; };
		C970EE032B9254190081968C /* ThreadCellView.swift in Sources */ = {isa = PBXBuildFile; fileRef = C970EE022B9254190081968C /* ThreadCellView.swift */; };
		C970EE062B9266750081968C /* CircularProfileImageView.swift in Sources */ = {isa = PBXBuildFile; fileRef = C970EE052B9266750081968C /* CircularProfileImageView.swift */; };
		C970EE082B9267220081968C /* UserCell.swift in Sources */ = {isa = PBXBuildFile; fileRef = C970EE072B9267220081968C /* UserCell.swift */; };
		C970EE2B2B93E08C0081968C /* ProfileThreadFilter.swift in Sources */ = {isa = PBXBuildFile; fileRef = C970EE2A2B93E08C0081968C /* ProfileThreadFilter.swift */; };
		C98898002B9A4D5D00459C09 /* RegistrationViewModel.swift in Sources */ = {isa = PBXBuildFile; fileRef = C98897FF2B9A4D5D00459C09 /* RegistrationViewModel.swift */; };
		C98898032B9A4EE500459C09 /* AuthService.swift in Sources */ = {isa = PBXBuildFile; fileRef = C98898022B9A4EE500459C09 /* AuthService.swift */; };
		C98898062B9A502300459C09 /* FirebaseAuth in Frameworks */ = {isa = PBXBuildFile; productRef = C98898052B9A502300459C09 /* FirebaseAuth */; };
		C99425252B9511DD00715904 /* EditProfileView.swift in Sources */ = {isa = PBXBuildFile; fileRef = C99425242B9511DD00715904 /* EditProfileView.swift */; };
		C99425C02B98988200715904 /* CreateThreadView.swift in Sources */ = {isa = PBXBuildFile; fileRef = C99425BF2B98988200715904 /* CreateThreadView.swift */; };
		C99425C22B98A4D400715904 /* GoogleService-Info.plist in Resources */ = {isa = PBXBuildFile; fileRef = C99425C12B98A4D400715904 /* GoogleService-Info.plist */; };
		C99425C52B98A51C00715904 /* FirebaseAnalytics in Frameworks */ = {isa = PBXBuildFile; productRef = C99425C42B98A51C00715904 /* FirebaseAnalytics */; };
		C99425C72B98A51C00715904 /* FirebaseAnalyticsOnDeviceConversion in Frameworks */ = {isa = PBXBuildFile; productRef = C99425C62B98A51C00715904 /* FirebaseAnalyticsOnDeviceConversion */; };
		C99425C92B98A51C00715904 /* FirebaseAnalyticsSwift in Frameworks */ = {isa = PBXBuildFile; productRef = C99425C82B98A51C00715904 /* FirebaseAnalyticsSwift */; };
		C99425CB2B98A51C00715904 /* FirebaseAnalyticsWithoutAdIdSupport in Frameworks */ = {isa = PBXBuildFile; productRef = C99425CA2B98A51C00715904 /* FirebaseAnalyticsWithoutAdIdSupport */; };
		C99425CD2B98A51C00715904 /* FirebaseAppCheck in Frameworks */ = {isa = PBXBuildFile; productRef = C99425CC2B98A51C00715904 /* FirebaseAppCheck */; };
		C9B74ED72B9AF8F80061ECE5 /* ContentViewModel.swift in Sources */ = {isa = PBXBuildFile; fileRef = C9B74ED62B9AF8F80061ECE5 /* ContentViewModel.swift */; };
		C9B74ED92B9AFC970061ECE5 /* LoginViewModel.swift in Sources */ = {isa = PBXBuildFile; fileRef = C9B74ED82B9AFC970061ECE5 /* LoginViewModel.swift */; };
		C9B74EF12B9C48600061ECE5 /* User.swift in Sources */ = {isa = PBXBuildFile; fileRef = C9B74EF02B9C48600061ECE5 /* User.swift */; };
		C9B74EF32B9C4BA00061ECE5 /* FirebaseFirestoreSwift in Frameworks */ = {isa = PBXBuildFile; productRef = C9B74EF22B9C4BA00061ECE5 /* FirebaseFirestoreSwift */; };
		C9B74EF52B9C4C530061ECE5 /* FirebaseFirestore in Frameworks */ = {isa = PBXBuildFile; productRef = C9B74EF42B9C4C530061ECE5 /* FirebaseFirestore */; };
		C9B74EF72B9C4DD60061ECE5 /* UserService.swift in Sources */ = {isa = PBXBuildFile; fileRef = C9B74EF62B9C4DD60061ECE5 /* UserService.swift */; };
		C9B74EFA2B9C4F060061ECE5 /* CurrentUserProfileViewModel.swift in Sources */ = {isa = PBXBuildFile; fileRef = C9B74EF92B9C4F060061ECE5 /* CurrentUserProfileViewModel.swift */; };
		C9B74F0D2B9E45F00061ECE5 /* ExplorerViewModel.swift in Sources */ = {isa = PBXBuildFile; fileRef = C9B74F0C2B9E45F00061ECE5 /* ExplorerViewModel.swift */; };
		C9B74F0F2B9E48610061ECE5 /* PreviewProvider.swift in Sources */ = {isa = PBXBuildFile; fileRef = C9B74F0E2B9E48610061ECE5 /* PreviewProvider.swift */; };
/* End PBXBuildFile section */

/* Begin PBXFileReference section */
		C96BAF502B9F8EA900EFB887 /* CurrentUserProfileView.swift */ = {isa = PBXFileReference; lastKnownFileType = sourcecode.swift; path = CurrentUserProfileView.swift; sourceTree = "<group>"; };
		C96BAF532B9F94D400EFB887 /* ProfileHeaderView.swift */ = {isa = PBXFileReference; lastKnownFileType = sourcecode.swift; path = ProfileHeaderView.swift; sourceTree = "<group>"; };
		C96BAF802BA2DD4900EFB887 /* EditProfileViewModel.swift */ = {isa = PBXFileReference; lastKnownFileType = sourcecode.swift; path = EditProfileViewModel.swift; sourceTree = "<group>"; };
		C96BAF822BA2E09C00EFB887 /* ImageUploader.swift */ = {isa = PBXFileReference; lastKnownFileType = sourcecode.swift; path = ImageUploader.swift; sourceTree = "<group>"; };
		C970ED6B2B8F74020081968C /* TwitterClone.app */ = {isa = PBXFileReference; explicitFileType = wrapper.application; includeInIndex = 0; path = TwitterClone.app; sourceTree = BUILT_PRODUCTS_DIR; };
		C970ED6E2B8F74020081968C /* TwitterCloneApp.swift */ = {isa = PBXFileReference; lastKnownFileType = sourcecode.swift; path = TwitterCloneApp.swift; sourceTree = "<group>"; };
		C970ED702B8F74020081968C /* ContentView.swift */ = {isa = PBXFileReference; lastKnownFileType = sourcecode.swift; path = ContentView.swift; sourceTree = "<group>"; };
		C970ED722B8F74060081968C /* Assets.xcassets */ = {isa = PBXFileReference; lastKnownFileType = folder.assetcatalog; path = Assets.xcassets; sourceTree = "<group>"; };
		C970ED752B8F74060081968C /* Preview Assets.xcassets */ = {isa = PBXFileReference; lastKnownFileType = folder.assetcatalog; path = "Preview Assets.xcassets"; sourceTree = "<group>"; };
		C970ED842B8F74C10081968C /* LoginView.swift */ = {isa = PBXFileReference; lastKnownFileType = sourcecode.swift; path = LoginView.swift; sourceTree = "<group>"; };
		C970EDA82B906EFB0081968C /* RegistartionView.swift */ = {isa = PBXFileReference; lastKnownFileType = sourcecode.swift; path = RegistartionView.swift; sourceTree = "<group>"; };
		C970EDAA2B9070760081968C /* TextFieldModifedFile.swift */ = {isa = PBXFileReference; lastKnownFileType = sourcecode.swift; path = TextFieldModifedFile.swift; sourceTree = "<group>"; };
		C970EDAC2B9071270081968C /* ButtonModifedFile.swift */ = {isa = PBXFileReference; lastKnownFileType = sourcecode.swift; path = ButtonModifedFile.swift; sourceTree = "<group>"; };
		C970EDBC2B909B490081968C /* TwitterTabView.swift */ = {isa = PBXFileReference; lastKnownFileType = sourcecode.swift; path = TwitterTabView.swift; sourceTree = "<group>"; };
		C970EDBF2B909ECE0081968C /* FeedView.swift */ = {isa = PBXFileReference; lastKnownFileType = sourcecode.swift; path = FeedView.swift; sourceTree = "<group>"; };
		C970EDC32B909F330081968C /* ExploreView.swift */ = {isa = PBXFileReference; lastKnownFileType = sourcecode.swift; path = ExploreView.swift; sourceTree = "<group>"; };
		C970EDC72B909F840081968C /* UploadTwitteView.swift */ = {isa = PBXFileReference; lastKnownFileType = sourcecode.swift; path = UploadTwitteView.swift; sourceTree = "<group>"; };
		C970EDCB2B909FC70081968C /* ActivityView.swift */ = {isa = PBXFileReference; lastKnownFileType = sourcecode.swift; path = ActivityView.swift; sourceTree = "<group>"; };
		C970EDCF2B909FF80081968C /* ProfileView.swift */ = {isa = PBXFileReference; lastKnownFileType = sourcecode.swift; path = ProfileView.swift; sourceTree = "<group>"; };
		C970EE022B9254190081968C /* ThreadCellView.swift */ = {isa = PBXFileReference; lastKnownFileType = sourcecode.swift; path = ThreadCellView.swift; sourceTree = "<group>"; };
		C970EE052B9266750081968C /* CircularProfileImageView.swift */ = {isa = PBXFileReference; lastKnownFileType = sourcecode.swift; path = CircularProfileImageView.swift; sourceTree = "<group>"; };
		C970EE072B9267220081968C /* UserCell.swift */ = {isa = PBXFileReference; lastKnownFileType = sourcecode.swift; path = UserCell.swift; sourceTree = "<group>"; };
		C970EE2A2B93E08C0081968C /* ProfileThreadFilter.swift */ = {isa = PBXFileReference; lastKnownFileType = sourcecode.swift; path = ProfileThreadFilter.swift; sourceTree = "<group>"; };
		C98897FF2B9A4D5D00459C09 /* RegistrationViewModel.swift */ = {isa = PBXFileReference; lastKnownFileType = sourcecode.swift; path = RegistrationViewModel.swift; sourceTree = "<group>"; };
		C98898022B9A4EE500459C09 /* AuthService.swift */ = {isa = PBXFileReference; lastKnownFileType = sourcecode.swift; path = AuthService.swift; sourceTree = "<group>"; };
		C99425242B9511DD00715904 /* EditProfileView.swift */ = {isa = PBXFileReference; lastKnownFileType = sourcecode.swift; path = EditProfileView.swift; sourceTree = "<group>"; };
		C99425BF2B98988200715904 /* CreateThreadView.swift */ = {isa = PBXFileReference; lastKnownFileType = sourcecode.swift; path = CreateThreadView.swift; sourceTree = "<group>"; };
		C99425C12B98A4D400715904 /* GoogleService-Info.plist */ = {isa = PBXFileReference; fileEncoding = 4; lastKnownFileType = text.plist.xml; path = "GoogleService-Info.plist"; sourceTree = "<group>"; };
		C9B74ED62B9AF8F80061ECE5 /* ContentViewModel.swift */ = {isa = PBXFileReference; lastKnownFileType = sourcecode.swift; path = ContentViewModel.swift; sourceTree = "<group>"; };
		C9B74ED82B9AFC970061ECE5 /* LoginViewModel.swift */ = {isa = PBXFileReference; lastKnownFileType = sourcecode.swift; path = LoginViewModel.swift; sourceTree = "<group>"; };
		C9B74EF02B9C48600061ECE5 /* User.swift */ = {isa = PBXFileReference; lastKnownFileType = sourcecode.swift; path = User.swift; sourceTree = "<group>"; };
		C9B74EF62B9C4DD60061ECE5 /* UserService.swift */ = {isa = PBXFileReference; lastKnownFileType = sourcecode.swift; path = UserService.swift; sourceTree = "<group>"; };
		C9B74EF92B9C4F060061ECE5 /* CurrentUserProfileViewModel.swift */ = {isa = PBXFileReference; lastKnownFileType = sourcecode.swift; path = CurrentUserProfileViewModel.swift; sourceTree = "<group>"; };
		C9B74F0C2B9E45F00061ECE5 /* ExplorerViewModel.swift */ = {isa = PBXFileReference; lastKnownFileType = sourcecode.swift; path = ExplorerViewModel.swift; sourceTree = "<group>"; };
		C9B74F0E2B9E48610061ECE5 /* PreviewProvider.swift */ = {isa = PBXFileReference; lastKnownFileType = sourcecode.swift; path = PreviewProvider.swift; sourceTree = "<group>"; };
/* End PBXFileReference section */

/* Begin PBXFrameworksBuildPhase section */
		C970ED682B8F74020081968C /* Frameworks */ = {
			isa = PBXFrameworksBuildPhase;
			buildActionMask = 2147483647;
			files = (
				C99425C92B98A51C00715904 /* FirebaseAnalyticsSwift in Frameworks */,
				C98898062B9A502300459C09 /* FirebaseAuth in Frameworks */,
				C96BAF852BA2E35700EFB887 /* FirebaseStorage in Frameworks */,
				C99425C52B98A51C00715904 /* FirebaseAnalytics in Frameworks */,
				C9B74EF32B9C4BA00061ECE5 /* FirebaseFirestoreSwift in Frameworks */,
				C99425C72B98A51C00715904 /* FirebaseAnalyticsOnDeviceConversion in Frameworks */,
				C9B74EF52B9C4C530061ECE5 /* FirebaseFirestore in Frameworks */,
				C99425CD2B98A51C00715904 /* FirebaseAppCheck in Frameworks */,
				C99425CB2B98A51C00715904 /* FirebaseAnalyticsWithoutAdIdSupport in Frameworks */,
			);
			runOnlyForDeploymentPostprocessing = 0;
		};
/* End PBXFrameworksBuildPhase section */

/* Begin PBXGroup section */
		C96BAF4E2B9F8E6500EFB887 /* CurrentUserProfile */ = {
			isa = PBXGroup;
			children = (
				C96BAF4F2B9F8E9600EFB887 /* View */,
			);
			path = CurrentUserProfile;
			sourceTree = "<group>";
		};
		C96BAF4F2B9F8E9600EFB887 /* View */ = {
			isa = PBXGroup;
			children = (
				C96BAF502B9F8EA900EFB887 /* CurrentUserProfileView.swift */,
			);
			path = View;
			sourceTree = "<group>";
		};
		C96BAF522B9F94BF00EFB887 /* Components */ = {
			isa = PBXGroup;
			children = (
				C96BAF532B9F94D400EFB887 /* ProfileHeaderView.swift */,
			);
			path = Components;
			sourceTree = "<group>";
		};
		C96BAF7F2BA2DD3200EFB887 /* VidewModel */ = {
			isa = PBXGroup;
			children = (
				C96BAF802BA2DD4900EFB887 /* EditProfileViewModel.swift */,
			);
			path = VidewModel;
			sourceTree = "<group>";
		};
		C970ED622B8F74020081968C = {
			isa = PBXGroup;
			children = (
				C970ED6D2B8F74020081968C /* TwitterClone */,
				C970ED6C2B8F74020081968C /* Products */,
				C98898042B9A502300459C09 /* Frameworks */,
			);
			sourceTree = "<group>";
		};
		C970ED6C2B8F74020081968C /* Products */ = {
			isa = PBXGroup;
			children = (
				C970ED6B2B8F74020081968C /* TwitterClone.app */,
			);
			name = Products;
			sourceTree = "<group>";
		};
		C970ED6D2B8F74020081968C /* TwitterClone */ = {
			isa = PBXGroup;
			children = (
				C970ED812B8F74280081968C /* App */,
				C970ED802B8F74250081968C /* Core */,
				C970ED7F2B8F74220081968C /* Extensions */,
				C970ED7E2B8F741F0081968C /* Model */,
				C970ED7D2B8F74190081968C /* Services */,
				C970ED7C2B8F74150081968C /* Uitls */,
				C970ED722B8F74060081968C /* Assets.xcassets */,
				C99425C12B98A4D400715904 /* GoogleService-Info.plist */,
				C970ED742B8F74060081968C /* Preview Content */,
			);
			path = TwitterClone;
			sourceTree = "<group>";
		};
		C970ED742B8F74060081968C /* Preview Content */ = {
			isa = PBXGroup;
			children = (
				C970ED752B8F74060081968C /* Preview Assets.xcassets */,
			);
			path = "Preview Content";
			sourceTree = "<group>";
		};
		C970ED7C2B8F74150081968C /* Uitls */ = {
			isa = PBXGroup;
			children = (
				C970EDAA2B9070760081968C /* TextFieldModifedFile.swift */,
				C970EDAC2B9071270081968C /* ButtonModifedFile.swift */,
			);
			path = Uitls;
			sourceTree = "<group>";
		};
		C970ED7D2B8F74190081968C /* Services */ = {
			isa = PBXGroup;
			children = (
				C9B74EF62B9C4DD60061ECE5 /* UserService.swift */,
				C96BAF822BA2E09C00EFB887 /* ImageUploader.swift */,
			);
			path = Services;
			sourceTree = "<group>";
		};
		C970ED7E2B8F741F0081968C /* Model */ = {
			isa = PBXGroup;
			children = (
				C9B74EF02B9C48600061ECE5 /* User.swift */,
			);
			path = Model;
			sourceTree = "<group>";
		};
		C970ED7F2B8F74220081968C /* Extensions */ = {
			isa = PBXGroup;
			children = (
				C9B74F0E2B9E48610061ECE5 /* PreviewProvider.swift */,
			);
			path = Extensions;
			sourceTree = "<group>";
		};
		C970ED802B8F74250081968C /* Core */ = {
			isa = PBXGroup;
			children = (
				C970EE042B92663D0081968C /* Components */,
				C970EDCD2B909FE20081968C /* Profile */,
				C970EDC92B909FAB0081968C /* Activity */,
				C970EDC52B909F5D0081968C /* UploadTwitte */,
				C970EDC12B909F1D0081968C /* Explore */,
				C970EDBE2B909EBE0081968C /* Feed */,
				C970ED822B8F74690081968C /* Authentication */,
				C99425BD2B98985700715904 /* ThreadCreations */,
				C970ED832B8F74710081968C /* Root */,
				C970EDBB2B909B060081968C /* TabBar */,
			);
			path = Core;
			sourceTree = "<group>";
		};
		C970ED812B8F74280081968C /* App */ = {
			isa = PBXGroup;
			children = (
				C970ED6E2B8F74020081968C /* TwitterCloneApp.swift */,
			);
			path = App;
			sourceTree = "<group>";
		};
		C970ED822B8F74690081968C /* Authentication */ = {
			isa = PBXGroup;
			children = (
				C98898012B9A4ED400459C09 /* Service */,
				C98897FE2B9A4D1900459C09 /* ViewModel */,
				C970ED842B8F74C10081968C /* LoginView.swift */,
				C970EDA82B906EFB0081968C /* RegistartionView.swift */,
			);
			path = Authentication;
			sourceTree = "<group>";
		};
		C970ED832B8F74710081968C /* Root */ = {
			isa = PBXGroup;
			children = (
				C9B74ED52B9AF8D80061ECE5 /* ViewModel */,
				C9B74ED42B9AF8D00061ECE5 /* View */,
				C970ED702B8F74020081968C /* ContentView.swift */,
			);
			path = Root;
			sourceTree = "<group>";
		};
		C970EDBB2B909B060081968C /* TabBar */ = {
			isa = PBXGroup;
			children = (
				C970EDBC2B909B490081968C /* TwitterTabView.swift */,
			);
			path = TabBar;
			sourceTree = "<group>";
		};
		C970EDBE2B909EBE0081968C /* Feed */ = {
			isa = PBXGroup;
			children = (
				C970EDBF2B909ECE0081968C /* FeedView.swift */,
				C970EE022B9254190081968C /* ThreadCellView.swift */,
			);
			path = Feed;
			sourceTree = "<group>";
		};
		C970EDC12B909F1D0081968C /* Explore */ = {
			isa = PBXGroup;
			children = (
				C9B74F092B9E45C10061ECE5 /* ViewModel */,
				C970EDC22B909F250081968C /* ExploreView */,
			);
			path = Explore;
			sourceTree = "<group>";
		};
		C970EDC22B909F250081968C /* ExploreView */ = {
			isa = PBXGroup;
			children = (
				C970EDC32B909F330081968C /* ExploreView.swift */,
			);
			path = ExploreView;
			sourceTree = "<group>";
		};
		C970EDC52B909F5D0081968C /* UploadTwitte */ = {
			isa = PBXGroup;
			children = (
				C970EDC62B909F6F0081968C /* UploadTwittView */,
			);
			path = UploadTwitte;
			sourceTree = "<group>";
		};
		C970EDC62B909F6F0081968C /* UploadTwittView */ = {
			isa = PBXGroup;
			children = (
				C970EDC72B909F840081968C /* UploadTwitteView.swift */,
			);
			path = UploadTwittView;
			sourceTree = "<group>";
		};
		C970EDC92B909FAB0081968C /* Activity */ = {
			isa = PBXGroup;
			children = (
				C970EDCA2B909FB70081968C /* ActivityView */,
			);
			path = Activity;
			sourceTree = "<group>";
		};
		C970EDCA2B909FB70081968C /* ActivityView */ = {
			isa = PBXGroup;
			children = (
				C970EDCB2B909FC70081968C /* ActivityView.swift */,
			);
			path = ActivityView;
			sourceTree = "<group>";
		};
		C970EDCD2B909FE20081968C /* Profile */ = {
			isa = PBXGroup;
			children = (
				C96BAF522B9F94BF00EFB887 /* Components */,
				C96BAF4E2B9F8E6500EFB887 /* CurrentUserProfile */,
				C9B74EF82B9C4EEE0061ECE5 /* ViewModel */,
				C99425222B9511B100715904 /* EditProfile */,
				C970EE292B93E0770081968C /* Model */,
				C970EDCE2B909FEB0081968C /* ProfileView */,
			);
			path = Profile;
			sourceTree = "<group>";
		};
		C970EDCE2B909FEB0081968C /* ProfileView */ = {
			isa = PBXGroup;
			children = (
				C970EDCF2B909FF80081968C /* ProfileView.swift */,
			);
			path = ProfileView;
			sourceTree = "<group>";
		};
		C970EE042B92663D0081968C /* Components */ = {
			isa = PBXGroup;
			children = (
				C970EE052B9266750081968C /* CircularProfileImageView.swift */,
				C970EE072B9267220081968C /* UserCell.swift */,
			);
			path = Components;
			sourceTree = "<group>";
		};
		C970EE292B93E0770081968C /* Model */ = {
			isa = PBXGroup;
			children = (
				C970EE2A2B93E08C0081968C /* ProfileThreadFilter.swift */,
			);
			path = Model;
			sourceTree = "<group>";
		};
		C98897FE2B9A4D1900459C09 /* ViewModel */ = {
			isa = PBXGroup;
			children = (
				C98897FF2B9A4D5D00459C09 /* RegistrationViewModel.swift */,
				C9B74ED82B9AFC970061ECE5 /* LoginViewModel.swift */,
			);
			path = ViewModel;
			sourceTree = "<group>";
		};
		C98898012B9A4ED400459C09 /* Service */ = {
			isa = PBXGroup;
			children = (
				C98898022B9A4EE500459C09 /* AuthService.swift */,
			);
			path = Service;
			sourceTree = "<group>";
		};
		C98898042B9A502300459C09 /* Frameworks */ = {
			isa = PBXGroup;
			children = (
			);
			name = Frameworks;
			sourceTree = "<group>";
		};
		C99425222B9511B100715904 /* EditProfile */ = {
			isa = PBXGroup;
			children = (
				C96BAF7F2BA2DD3200EFB887 /* VidewModel */,
				C99425232B9511CD00715904 /* View */,
			);
			path = EditProfile;
			sourceTree = "<group>";
		};
		C99425232B9511CD00715904 /* View */ = {
			isa = PBXGroup;
			children = (
				C99425242B9511DD00715904 /* EditProfileView.swift */,
			);
			path = View;
			sourceTree = "<group>";
		};
		C99425BD2B98985700715904 /* ThreadCreations */ = {
			isa = PBXGroup;
			children = (
				C99425BE2B98986D00715904 /* View */,
			);
			path = ThreadCreations;
			sourceTree = "<group>";
		};
		C99425BE2B98986D00715904 /* View */ = {
			isa = PBXGroup;
			children = (
				C99425BF2B98988200715904 /* CreateThreadView.swift */,
			);
			path = View;
			sourceTree = "<group>";
		};
		C9B74ED42B9AF8D00061ECE5 /* View */ = {
			isa = PBXGroup;
			children = (
			);
			path = View;
			sourceTree = "<group>";
		};
		C9B74ED52B9AF8D80061ECE5 /* ViewModel */ = {
			isa = PBXGroup;
			children = (
				C9B74ED62B9AF8F80061ECE5 /* ContentViewModel.swift */,
			);
			path = ViewModel;
			sourceTree = "<group>";
		};
		C9B74EF82B9C4EEE0061ECE5 /* ViewModel */ = {
			isa = PBXGroup;
			children = (
				C9B74EF92B9C4F060061ECE5 /* CurrentUserProfileViewModel.swift */,
			);
			path = ViewModel;
			sourceTree = "<group>";
		};
		C9B74F092B9E45C10061ECE5 /* ViewModel */ = {
			isa = PBXGroup;
			children = (
				C9B74F0C2B9E45F00061ECE5 /* ExplorerViewModel.swift */,
			);
			path = ViewModel;
			sourceTree = "<group>";
		};
/* End PBXGroup section */

/* Begin PBXNativeTarget section */
		C970ED6A2B8F74020081968C /* TwitterClone */ = {
			isa = PBXNativeTarget;
			buildConfigurationList = C970ED792B8F74060081968C /* Build configuration list for PBXNativeTarget "TwitterClone" */;
			buildPhases = (
				C970ED672B8F74020081968C /* Sources */,
				C970ED682B8F74020081968C /* Frameworks */,
				C970ED692B8F74020081968C /* Resources */,
			);
			buildRules = (
			);
			dependencies = (
			);
			name = TwitterClone;
			packageProductDependencies = (
				C99425C42B98A51C00715904 /* FirebaseAnalytics */,
				C99425C62B98A51C00715904 /* FirebaseAnalyticsOnDeviceConversion */,
				C99425C82B98A51C00715904 /* FirebaseAnalyticsSwift */,
				C99425CA2B98A51C00715904 /* FirebaseAnalyticsWithoutAdIdSupport */,
				C99425CC2B98A51C00715904 /* FirebaseAppCheck */,
				C98898052B9A502300459C09 /* FirebaseAuth */,
				C9B74EF22B9C4BA00061ECE5 /* FirebaseFirestoreSwift */,
				C9B74EF42B9C4C530061ECE5 /* FirebaseFirestore */,
				C96BAF842BA2E35700EFB887 /* FirebaseStorage */,
			);
			productName = TwitterClone;
			productReference = C970ED6B2B8F74020081968C /* TwitterClone.app */;
			productType = "com.apple.product-type.application";
		};
/* End PBXNativeTarget section */

/* Begin PBXProject section */
		C970ED632B8F74020081968C /* Project object */ = {
			isa = PBXProject;
			attributes = {
				BuildIndependentTargetsInParallel = 1;
				LastSwiftUpdateCheck = 1520;
				LastUpgradeCheck = 1520;
				TargetAttributes = {
					C970ED6A2B8F74020081968C = {
						CreatedOnToolsVersion = 15.2;
					};
				};
			};
			buildConfigurationList = C970ED662B8F74020081968C /* Build configuration list for PBXProject "TwitterClone" */;
			compatibilityVersion = "Xcode 14.0";
			developmentRegion = en;
			hasScannedForEncodings = 0;
			knownRegions = (
				en,
				Base,
			);
			mainGroup = C970ED622B8F74020081968C;
			packageReferences = (
				C99425C32B98A51C00715904 /* XCRemoteSwiftPackageReference "firebase-ios-sdk" */,
			);
			productRefGroup = C970ED6C2B8F74020081968C /* Products */;
			projectDirPath = "";
			projectRoot = "";
			targets = (
				C970ED6A2B8F74020081968C /* TwitterClone */,
			);
		};
/* End PBXProject section */

/* Begin PBXResourcesBuildPhase section */
		C970ED692B8F74020081968C /* Resources */ = {
			isa = PBXResourcesBuildPhase;
			buildActionMask = 2147483647;
			files = (
				C970ED762B8F74060081968C /* Preview Assets.xcassets in Resources */,
				C99425C22B98A4D400715904 /* GoogleService-Info.plist in Resources */,
				C970ED732B8F74060081968C /* Assets.xcassets in Resources */,
			);
			runOnlyForDeploymentPostprocessing = 0;
		};
/* End PBXResourcesBuildPhase section */

/* Begin PBXSourcesBuildPhase section */
		C970ED672B8F74020081968C /* Sources */ = {
			isa = PBXSourcesBuildPhase;
			buildActionMask = 2147483647;
			files = (
				C970EDCC2B909FC70081968C /* ActivityView.swift in Sources */,
				C9B74F0D2B9E45F00061ECE5 /* ExplorerViewModel.swift in Sources */,
				C99425252B9511DD00715904 /* EditProfileView.swift in Sources */,
				C9B74ED92B9AFC970061ECE5 /* LoginViewModel.swift in Sources */,
				C970EDC02B909ECE0081968C /* FeedView.swift in Sources */,
				C98898002B9A4D5D00459C09 /* RegistrationViewModel.swift in Sources */,
				C96BAF832BA2E09C00EFB887 /* ImageUploader.swift in Sources */,
				C970EDC42B909F330081968C /* ExploreView.swift in Sources */,
				C9B74F0F2B9E48610061ECE5 /* PreviewProvider.swift in Sources */,
				C970EE2B2B93E08C0081968C /* ProfileThreadFilter.swift in Sources */,
				C970EDC82B909F840081968C /* UploadTwitteView.swift in Sources */,
				C98898032B9A4EE500459C09 /* AuthService.swift in Sources */,
				C970EDD02B909FF80081968C /* ProfileView.swift in Sources */,
				C96BAF812BA2DD4900EFB887 /* EditProfileViewModel.swift in Sources */,
				C970EE032B9254190081968C /* ThreadCellView.swift in Sources */,
				C970EDAD2B9071270081968C /* ButtonModifedFile.swift in Sources */,
				C970EE062B9266750081968C /* CircularProfileImageView.swift in Sources */,
				C96BAF542B9F94D500EFB887 /* ProfileHeaderView.swift in Sources */,
				C970EE082B9267220081968C /* UserCell.swift in Sources */,
				C9B74EFA2B9C4F060061ECE5 /* CurrentUserProfileViewModel.swift in Sources */,
				C96BAF512B9F8EA900EFB887 /* CurrentUserProfileView.swift in Sources */,
				C970ED852B8F74C10081968C /* LoginView.swift in Sources */,
				C99425C02B98988200715904 /* CreateThreadView.swift in Sources */,
				C970ED712B8F74020081968C /* ContentView.swift in Sources */,
				C970ED6F2B8F74020081968C /* TwitterCloneApp.swift in Sources */,
				C9B74ED72B9AF8F80061ECE5 /* ContentViewModel.swift in Sources */,
				C970EDBD2B909B490081968C /* TwitterTabView.swift in Sources */,
				C9B74EF72B9C4DD60061ECE5 /* UserService.swift in Sources */,
				C970EDA92B906EFB0081968C /* RegistartionView.swift in Sources */,
				C970EDAB2B9070760081968C /* TextFieldModifedFile.swift in Sources */,
				C9B74EF12B9C48600061ECE5 /* User.swift in Sources */,
			);
			runOnlyForDeploymentPostprocessing = 0;
		};
/* End PBXSourcesBuildPhase section */

/* Begin XCBuildConfiguration section */
		C970ED772B8F74060081968C /* Debug */ = {
			isa = XCBuildConfiguration;
			buildSettings = {
				ALWAYS_SEARCH_USER_PATHS = NO;
				ASSETCATALOG_COMPILER_GENERATE_SWIFT_ASSET_SYMBOL_EXTENSIONS = YES;
				CLANG_ANALYZER_NONNULL = YES;
				CLANG_ANALYZER_NUMBER_OBJECT_CONVERSION = YES_AGGRESSIVE;
				CLANG_CXX_LANGUAGE_STANDARD = "gnu++20";
				CLANG_ENABLE_MODULES = YES;
				CLANG_ENABLE_OBJC_ARC = YES;
				CLANG_ENABLE_OBJC_WEAK = YES;
				CLANG_WARN_BLOCK_CAPTURE_AUTORELEASING = YES;
				CLANG_WARN_BOOL_CONVERSION = YES;
				CLANG_WARN_COMMA = YES;
				CLANG_WARN_CONSTANT_CONVERSION = YES;
				CLANG_WARN_DEPRECATED_OBJC_IMPLEMENTATIONS = YES;
				CLANG_WARN_DIRECT_OBJC_ISA_USAGE = YES_ERROR;
				CLANG_WARN_DOCUMENTATION_COMMENTS = YES;
				CLANG_WARN_EMPTY_BODY = YES;
				CLANG_WARN_ENUM_CONVERSION = YES;
				CLANG_WARN_INFINITE_RECURSION = YES;
				CLANG_WARN_INT_CONVERSION = YES;
				CLANG_WARN_NON_LITERAL_NULL_CONVERSION = YES;
				CLANG_WARN_OBJC_IMPLICIT_RETAIN_SELF = YES;
				CLANG_WARN_OBJC_LITERAL_CONVERSION = YES;
				CLANG_WARN_OBJC_ROOT_CLASS = YES_ERROR;
				CLANG_WARN_QUOTED_INCLUDE_IN_FRAMEWORK_HEADER = YES;
				CLANG_WARN_RANGE_LOOP_ANALYSIS = YES;
				CLANG_WARN_STRICT_PROTOTYPES = YES;
				CLANG_WARN_SUSPICIOUS_MOVE = YES;
				CLANG_WARN_UNGUARDED_AVAILABILITY = YES_AGGRESSIVE;
				CLANG_WARN_UNREACHABLE_CODE = YES;
				CLANG_WARN__DUPLICATE_METHOD_MATCH = YES;
				COPY_PHASE_STRIP = NO;
				DEBUG_INFORMATION_FORMAT = dwarf;
				ENABLE_STRICT_OBJC_MSGSEND = YES;
				ENABLE_TESTABILITY = YES;
				ENABLE_USER_SCRIPT_SANDBOXING = YES;
				GCC_C_LANGUAGE_STANDARD = gnu17;
				GCC_DYNAMIC_NO_PIC = NO;
				GCC_NO_COMMON_BLOCKS = YES;
				GCC_OPTIMIZATION_LEVEL = 0;
				GCC_PREPROCESSOR_DEFINITIONS = (
					"DEBUG=1",
					"$(inherited)",
				);
				GCC_WARN_64_TO_32_BIT_CONVERSION = YES;
				GCC_WARN_ABOUT_RETURN_TYPE = YES_ERROR;
				GCC_WARN_UNDECLARED_SELECTOR = YES;
				GCC_WARN_UNINITIALIZED_AUTOS = YES_AGGRESSIVE;
				GCC_WARN_UNUSED_FUNCTION = YES;
				GCC_WARN_UNUSED_VARIABLE = YES;
				IPHONEOS_DEPLOYMENT_TARGET = 17.2;
				LOCALIZATION_PREFERS_STRING_CATALOGS = YES;
				MTL_ENABLE_DEBUG_INFO = INCLUDE_SOURCE;
				MTL_FAST_MATH = YES;
				ONLY_ACTIVE_ARCH = YES;
				SDKROOT = iphoneos;
				SWIFT_ACTIVE_COMPILATION_CONDITIONS = "DEBUG $(inherited)";
				SWIFT_OPTIMIZATION_LEVEL = "-Onone";
			};
			name = Debug;
		};
		C970ED782B8F74060081968C /* Release */ = {
			isa = XCBuildConfiguration;
			buildSettings = {
				ALWAYS_SEARCH_USER_PATHS = NO;
				ASSETCATALOG_COMPILER_GENERATE_SWIFT_ASSET_SYMBOL_EXTENSIONS = YES;
				CLANG_ANALYZER_NONNULL = YES;
				CLANG_ANALYZER_NUMBER_OBJECT_CONVERSION = YES_AGGRESSIVE;
				CLANG_CXX_LANGUAGE_STANDARD = "gnu++20";
				CLANG_ENABLE_MODULES = YES;
				CLANG_ENABLE_OBJC_ARC = YES;
				CLANG_ENABLE_OBJC_WEAK = YES;
				CLANG_WARN_BLOCK_CAPTURE_AUTORELEASING = YES;
				CLANG_WARN_BOOL_CONVERSION = YES;
				CLANG_WARN_COMMA = YES;
				CLANG_WARN_CONSTANT_CONVERSION = YES;
				CLANG_WARN_DEPRECATED_OBJC_IMPLEMENTATIONS = YES;
				CLANG_WARN_DIRECT_OBJC_ISA_USAGE = YES_ERROR;
				CLANG_WARN_DOCUMENTATION_COMMENTS = YES;
				CLANG_WARN_EMPTY_BODY = YES;
				CLANG_WARN_ENUM_CONVERSION = YES;
				CLANG_WARN_INFINITE_RECURSION = YES;
				CLANG_WARN_INT_CONVERSION = YES;
				CLANG_WARN_NON_LITERAL_NULL_CONVERSION = YES;
				CLANG_WARN_OBJC_IMPLICIT_RETAIN_SELF = YES;
				CLANG_WARN_OBJC_LITERAL_CONVERSION = YES;
				CLANG_WARN_OBJC_ROOT_CLASS = YES_ERROR;
				CLANG_WARN_QUOTED_INCLUDE_IN_FRAMEWORK_HEADER = YES;
				CLANG_WARN_RANGE_LOOP_ANALYSIS = YES;
				CLANG_WARN_STRICT_PROTOTYPES = YES;
				CLANG_WARN_SUSPICIOUS_MOVE = YES;
				CLANG_WARN_UNGUARDED_AVAILABILITY = YES_AGGRESSIVE;
				CLANG_WARN_UNREACHABLE_CODE = YES;
				CLANG_WARN__DUPLICATE_METHOD_MATCH = YES;
				COPY_PHASE_STRIP = NO;
				DEBUG_INFORMATION_FORMAT = "dwarf-with-dsym";
				ENABLE_NS_ASSERTIONS = NO;
				ENABLE_STRICT_OBJC_MSGSEND = YES;
				ENABLE_USER_SCRIPT_SANDBOXING = YES;
				GCC_C_LANGUAGE_STANDARD = gnu17;
				GCC_NO_COMMON_BLOCKS = YES;
				GCC_WARN_64_TO_32_BIT_CONVERSION = YES;
				GCC_WARN_ABOUT_RETURN_TYPE = YES_ERROR;
				GCC_WARN_UNDECLARED_SELECTOR = YES;
				GCC_WARN_UNINITIALIZED_AUTOS = YES_AGGRESSIVE;
				GCC_WARN_UNUSED_FUNCTION = YES;
				GCC_WARN_UNUSED_VARIABLE = YES;
				IPHONEOS_DEPLOYMENT_TARGET = 17.2;
				LOCALIZATION_PREFERS_STRING_CATALOGS = YES;
				MTL_ENABLE_DEBUG_INFO = NO;
				MTL_FAST_MATH = YES;
				SDKROOT = iphoneos;
				SWIFT_COMPILATION_MODE = wholemodule;
				VALIDATE_PRODUCT = YES;
			};
			name = Release;
		};
		C970ED7A2B8F74060081968C /* Debug */ = {
			isa = XCBuildConfiguration;
			buildSettings = {
				ASSETCATALOG_COMPILER_APPICON_NAME = AppIcon;
				ASSETCATALOG_COMPILER_GLOBAL_ACCENT_COLOR_NAME = AccentColor;
				CODE_SIGN_STYLE = Automatic;
				CURRENT_PROJECT_VERSION = 1;
				DEVELOPMENT_ASSET_PATHS = "\"TwitterClone/Preview Content\"";
				ENABLE_PREVIEWS = YES;
				GENERATE_INFOPLIST_FILE = YES;
				INFOPLIST_KEY_UIApplicationSceneManifest_Generation = YES;
				INFOPLIST_KEY_UIApplicationSupportsIndirectInputEvents = YES;
				INFOPLIST_KEY_UILaunchScreen_Generation = YES;
				INFOPLIST_KEY_UISupportedInterfaceOrientations_iPad = "UIInterfaceOrientationPortrait UIInterfaceOrientationPortraitUpsideDown UIInterfaceOrientationLandscapeLeft UIInterfaceOrientationLandscapeRight";
				INFOPLIST_KEY_UISupportedInterfaceOrientations_iPhone = "UIInterfaceOrientationPortrait UIInterfaceOrientationLandscapeLeft UIInterfaceOrientationLandscapeRight";
				LD_RUNPATH_SEARCH_PATHS = (
					"$(inherited)",
					"@executable_path/Frameworks",
				);
				MARKETING_VERSION = 1.0;
				PRODUCT_BUNDLE_IDENTIFIER = com.enterprice.TwitterClone;
				PRODUCT_NAME = "$(TARGET_NAME)";
				SWIFT_EMIT_LOC_STRINGS = YES;
				SWIFT_VERSION = 5.0;
				TARGETED_DEVICE_FAMILY = "1,2";
			};
			name = Debug;
		};
		C970ED7B2B8F74060081968C /* Release */ = {
			isa = XCBuildConfiguration;
			buildSettings = {
				ASSETCATALOG_COMPILER_APPICON_NAME = AppIcon;
				ASSETCATALOG_COMPILER_GLOBAL_ACCENT_COLOR_NAME = AccentColor;
				CODE_SIGN_STYLE = Automatic;
				CURRENT_PROJECT_VERSION = 1;
				DEVELOPMENT_ASSET_PATHS = "\"TwitterClone/Preview Content\"";
				ENABLE_PREVIEWS = YES;
				GENERATE_INFOPLIST_FILE = YES;
				INFOPLIST_KEY_UIApplicationSceneManifest_Generation = YES;
				INFOPLIST_KEY_UIApplicationSupportsIndirectInputEvents = YES;
				INFOPLIST_KEY_UILaunchScreen_Generation = YES;
				INFOPLIST_KEY_UISupportedInterfaceOrientations_iPad = "UIInterfaceOrientationPortrait UIInterfaceOrientationPortraitUpsideDown UIInterfaceOrientationLandscapeLeft UIInterfaceOrientationLandscapeRight";
				INFOPLIST_KEY_UISupportedInterfaceOrientations_iPhone = "UIInterfaceOrientationPortrait UIInterfaceOrientationLandscapeLeft UIInterfaceOrientationLandscapeRight";
				LD_RUNPATH_SEARCH_PATHS = (
					"$(inherited)",
					"@executable_path/Frameworks",
				);
				MARKETING_VERSION = 1.0;
				PRODUCT_BUNDLE_IDENTIFIER = com.enterprice.TwitterClone;
				PRODUCT_NAME = "$(TARGET_NAME)";
				SWIFT_EMIT_LOC_STRINGS = YES;
				SWIFT_VERSION = 5.0;
				TARGETED_DEVICE_FAMILY = "1,2";
			};
			name = Release;
		};
/* End XCBuildConfiguration section */

/* Begin XCConfigurationList section */
		C970ED662B8F74020081968C /* Build configuration list for PBXProject "TwitterClone" */ = {
			isa = XCConfigurationList;
			buildConfigurations = (
				C970ED772B8F74060081968C /* Debug */,
				C970ED782B8F74060081968C /* Release */,
			);
			defaultConfigurationIsVisible = 0;
			defaultConfigurationName = Release;
		};
		C970ED792B8F74060081968C /* Build configuration list for PBXNativeTarget "TwitterClone" */ = {
			isa = XCConfigurationList;
			buildConfigurations = (
				C970ED7A2B8F74060081968C /* Debug */,
				C970ED7B2B8F74060081968C /* Release */,
			);
			defaultConfigurationIsVisible = 0;
			defaultConfigurationName = Release;
		};
/* End XCConfigurationList section */

/* Begin XCRemoteSwiftPackageReference section */
		C99425C32B98A51C00715904 /* XCRemoteSwiftPackageReference "firebase-ios-sdk" */ = {
			isa = XCRemoteSwiftPackageReference;
			repositoryURL = "https://github.com/firebase/firebase-ios-sdk";
			requirement = {
				kind = upToNextMajorVersion;
				minimumVersion = 10.22.0;
			};
		};
/* End XCRemoteSwiftPackageReference section */

/* Begin XCSwiftPackageProductDependency section */
		C96BAF842BA2E35700EFB887 /* FirebaseStorage */ = {
			isa = XCSwiftPackageProductDependency;
			package = C99425C32B98A51C00715904 /* XCRemoteSwiftPackageReference "firebase-ios-sdk" */;
			productName = FirebaseStorage;
		};
		C98898052B9A502300459C09 /* FirebaseAuth */ = {
			isa = XCSwiftPackageProductDependency;
			package = C99425C32B98A51C00715904 /* XCRemoteSwiftPackageReference "firebase-ios-sdk" */;
			productName = FirebaseAuth;
		};
		C99425C42B98A51C00715904 /* FirebaseAnalytics */ = {
			isa = XCSwiftPackageProductDependency;
			package = C99425C32B98A51C00715904 /* XCRemoteSwiftPackageReference "firebase-ios-sdk" */;
			productName = FirebaseAnalytics;
		};
		C99425C62B98A51C00715904 /* FirebaseAnalyticsOnDeviceConversion */ = {
			isa = XCSwiftPackageProductDependency;
			package = C99425C32B98A51C00715904 /* XCRemoteSwiftPackageReference "firebase-ios-sdk" */;
			productName = FirebaseAnalyticsOnDeviceConversion;
		};
		C99425C82B98A51C00715904 /* FirebaseAnalyticsSwift */ = {
			isa = XCSwiftPackageProductDependency;
			package = C99425C32B98A51C00715904 /* XCRemoteSwiftPackageReference "firebase-ios-sdk" */;
			productName = FirebaseAnalyticsSwift;
		};
		C99425CA2B98A51C00715904 /* FirebaseAnalyticsWithoutAdIdSupport */ = {
			isa = XCSwiftPackageProductDependency;
			package = C99425C32B98A51C00715904 /* XCRemoteSwiftPackageReference "firebase-ios-sdk" */;
			productName = FirebaseAnalyticsWithoutAdIdSupport;
		};
		C99425CC2B98A51C00715904 /* FirebaseAppCheck */ = {
			isa = XCSwiftPackageProductDependency;
			package = C99425C32B98A51C00715904 /* XCRemoteSwiftPackageReference "firebase-ios-sdk" */;
			productName = FirebaseAppCheck;
		};
		C9B74EF22B9C4BA00061ECE5 /* FirebaseFirestoreSwift */ = {
			isa = XCSwiftPackageProductDependency;
			package = C99425C32B98A51C00715904 /* XCRemoteSwiftPackageReference "firebase-ios-sdk" */;
			productName = FirebaseFirestoreSwift;
		};
		C9B74EF42B9C4C530061ECE5 /* FirebaseFirestore */ = {
			isa = XCSwiftPackageProductDependency;
			package = C99425C32B98A51C00715904 /* XCRemoteSwiftPackageReference "firebase-ios-sdk" */;
			productName = FirebaseFirestore;
		};
/* End XCSwiftPackageProductDependency section */
	};
	rootObject = C970ED632B8F74020081968C /* Project object */;
}
